
Microsoft Visual Studio Solution File, Format Version 12.00
# Visual Studio Version 17
VisualStudioVersion = 17.1.32228.430
MinimumVisualStudioVersion = 15.0.26124.0
Project("{2150E333-8FDC-42A3-9474-1A3956D46DE8}") = "Solution Items", "Solution Items", "{7E3E50D7-DAD9-4484-A653-AEB6AC124B05}"
	ProjectSection(SolutionItems) = preProject
		.gitignore = .gitignore
		build.cmd = build.cmd
		build.sh = build.sh
		.config\dotnet-tools.json = .config\dotnet-tools.json
		client\package-lock.json = client\package-lock.json
		client\package.json = client\package.json
		README.md = README.md
		client\webpack.common.js = client\webpack.common.js
		client\webpack.config.js = client\webpack.config.js
		client\webpack.tests.js = client\webpack.tests.js
	EndProjectSection
EndProject
Project("{6EC3EE1D-3C4E-46DD-8F32-0CC8E7565705}") = "Build", "app\build\Build.fsproj", "{0F5B6048-C87B-4684-A684-10557481A06A}"
EndProject
Project("{6EC3EE1D-3C4E-46DD-8F32-0CC8E7565705}") = "Client", "app\client\src\Client.fsproj", "{646F2F8B-BE59-4FCD-B1AD-241D5085E0CB}"
EndProject
Project("{6EC3EE1D-3C4E-46DD-8F32-0CC8E7565705}") = "Client.Tests", "app\client\tests\Client.Tests.fsproj", "{1DC72228-2357-4938-B1E2-52981FFF187C}"
EndProject
Project("{6EC3EE1D-3C4E-46DD-8F32-0CC8E7565705}") = "Server", "app\server\Server.fsproj", "{436013EE-99D7-4AC4-96E5-C0802A912433}"
EndProject
Project("{6EC3EE1D-3C4E-46DD-8F32-0CC8E7565705}") = "Server.Tests", "app\serverTests\Server.Tests.fsproj", "{91E7D892-267A-4CAC-933A-9AC29D8F2F3D}"
EndProject
Project("{6EC3EE1D-3C4E-46DD-8F32-0CC8E7565705}") = "Shared", "app\shared\Shared.fsproj", "{62D665BE-B0E8-4FB9-995A-232B55D6C2C3}"
EndProject
Project("{2150E333-8FDC-42A3-9474-1A3956D46DE8}") = "App", "App", "{AD3C340A-8164-47A6-B58B-6ED908D10D18}"
EndProject
Global
	GlobalSection(SolutionConfigurationPlatforms) = preSolution
		Debug|Any CPU = Debug|Any CPU
		Release|Any CPU = Release|Any CPU
	EndGlobalSection
	GlobalSection(ProjectConfigurationPlatforms) = postSolution
		{0F5B6048-C87B-4684-A684-10557481A06A}.Debug|Any CPU.ActiveCfg = Debug|Any CPU
		{0F5B6048-C87B-4684-A684-10557481A06A}.Debug|Any CPU.Build.0 = Debug|Any CPU
		{0F5B6048-C87B-4684-A684-10557481A06A}.Release|Any CPU.ActiveCfg = Release|Any CPU
		{0F5B6048-C87B-4684-A684-10557481A06A}.Release|Any CPU.Build.0 = Release|Any CPU
		{646F2F8B-BE59-4FCD-B1AD-241D5085E0CB}.Debug|Any CPU.ActiveCfg = Debug|Any CPU
		{646F2F8B-BE59-4FCD-B1AD-241D5085E0CB}.Debug|Any CPU.Build.0 = Debug|Any CPU
		{646F2F8B-BE59-4FCD-B1AD-241D5085E0CB}.Release|Any CPU.ActiveCfg = Release|Any CPU
		{646F2F8B-BE59-4FCD-B1AD-241D5085E0CB}.Release|Any CPU.Build.0 = Release|Any CPU
		{1DC72228-2357-4938-B1E2-52981FFF187C}.Debug|Any CPU.ActiveCfg = Debug|Any CPU
		{1DC72228-2357-4938-B1E2-52981FFF187C}.Debug|Any CPU.Build.0 = Debug|Any CPU
		{1DC72228-2357-4938-B1E2-52981FFF187C}.Release|Any CPU.ActiveCfg = Release|Any CPU
		{1DC72228-2357-4938-B1E2-52981FFF187C}.Release|Any CPU.Build.0 = Release|Any CPU
		{436013EE-99D7-4AC4-96E5-C0802A912433}.Debug|Any CPU.ActiveCfg = Debug|Any CPU
		{436013EE-99D7-4AC4-96E5-C0802A912433}.Debug|Any CPU.Build.0 = Debug|Any CPU
		{436013EE-99D7-4AC4-96E5-C0802A912433}.Release|Any CPU.ActiveCfg = Release|Any CPU
		{436013EE-99D7-4AC4-96E5-C0802A912433}.Release|Any CPU.Build.0 = Release|Any CPU
		{91E7D892-267A-4CAC-933A-9AC29D8F2F3D}.Debug|Any CPU.ActiveCfg = Debug|Any CPU
		{91E7D892-267A-4CAC-933A-9AC29D8F2F3D}.Debug|Any CPU.Build.0 = Debug|Any CPU
		{91E7D892-267A-4CAC-933A-9AC29D8F2F3D}.Release|Any CPU.ActiveCfg = Release|Any CPU
		{91E7D892-267A-4CAC-933A-9AC29D8F2F3D}.Release|Any CPU.Build.0 = Release|Any CPU
		{62D665BE-B0E8-4FB9-995A-232B55D6C2C3}.Debug|Any CPU.ActiveCfg = Debug|Any CPU
		{62D665BE-B0E8-4FB9-995A-232B55D6C2C3}.Debug|Any CPU.Build.0 = Debug|Any CPU
		{62D665BE-B0E8-4FB9-995A-232B55D6C2C3}.Release|Any CPU.ActiveCfg = Release|Any CPU
		{62D665BE-B0E8-4FB9-995A-232B55D6C2C3}.Release|Any CPU.Build.0 = Release|Any CPU
	EndGlobalSection
	GlobalSection(SolutionProperties) = preSolution
		HideSolutionNode = FALSE
	EndGlobalSection
	GlobalSection(NestedProjects) = preSolution
		{0F5B6048-C87B-4684-A684-10557481A06A} = {AD3C340A-8164-47A6-B58B-6ED908D10D18}
		{646F2F8B-BE59-4FCD-B1AD-241D5085E0CB} = {AD3C340A-8164-47A6-B58B-6ED908D10D18}
		{1DC72228-2357-4938-B1E2-52981FFF187C} = {AD3C340A-8164-47A6-B58B-6ED908D10D18}
		{436013EE-99D7-4AC4-96E5-C0802A912433} = {AD3C340A-8164-47A6-B58B-6ED908D10D18}
		{91E7D892-267A-4CAC-933A-9AC29D8F2F3D} = {AD3C340A-8164-47A6-B58B-6ED908D10D18}
		{62D665BE-B0E8-4FB9-995A-232B55D6C2C3} = {AD3C340A-8164-47A6-B58B-6ED908D10D18}
	EndGlobalSection
	GlobalSection(ExtensibilityGlobals) = postSolution
		SolutionGuid = {6E1A8B02-B109-4BAF-BCD3-8D5B55EB553A}
	EndGlobalSection
EndGlobal
